
Microsoft Visual Studio Solution File, Format Version 12.00
# Visual Studio Version 17
VisualStudioVersion = 17.7.34202.233
MinimumVisualStudioVersion = 10.0.40219.1
Project("{FAE04EC0-301F-11D3-BF4B-00C04F79EFBC}") = "Pomps_BackEnd", "Pomps.Layer\Pomps_BackEnd.csproj", "{DE283A6C-E626-4354-91AD-4124815B02A5}"
EndProject
Project("{FAE04EC0-301F-11D3-BF4B-00C04F79EFBC}") = "SimPompsEXE", "SimPompsEXE\SimPompsEXE.csproj", "{6CBD75AB-7C59-4DFA-8D74-B74C3BAF41C3}"
EndProject
Project("{FAE04EC0-301F-11D3-BF4B-00C04F79EFBC}") = "PompsSimulator", "PompsSimulator\PompsSimulator.csproj", "{F331EDFC-5CEF-4C2E-BD6D-B1B2C6CD4260}"
EndProject
Project("{FAE04EC0-301F-11D3-BF4B-00C04F79EFBC}") = "StateExample", "StateExample\StateExample.csproj", "{B66E06D0-1EB7-48BF-803F-0AED734B05CB}"
EndProject
Project("{FAE04EC0-301F-11D3-BF4B-00C04F79EFBC}") = "PatternsConsoleProject", "PatternsConsoleProject\PatternsConsoleProject.csproj", "{B1033447-50E8-425B-A82A-D921F0C05F16}"
EndProject
Global
	GlobalSection(SolutionConfigurationPlatforms) = preSolution
		Debug|Any CPU = Debug|Any CPU
		Release|Any CPU = Release|Any CPU
	EndGlobalSection
	GlobalSection(ProjectConfigurationPlatforms) = postSolution
		{DE283A6C-E626-4354-91AD-4124815B02A5}.Debug|Any CPU.ActiveCfg = Debug|Any CPU
		{DE283A6C-E626-4354-91AD-4124815B02A5}.Debug|Any CPU.Build.0 = Debug|Any CPU
		{DE283A6C-E626-4354-91AD-4124815B02A5}.Release|Any CPU.ActiveCfg = Release|Any CPU
		{DE283A6C-E626-4354-91AD-4124815B02A5}.Release|Any CPU.Build.0 = Release|Any CPU
		{6CBD75AB-7C59-4DFA-8D74-B74C3BAF41C3}.Debug|Any CPU.ActiveCfg = Debug|Any CPU
		{6CBD75AB-7C59-4DFA-8D74-B74C3BAF41C3}.Debug|Any CPU.Build.0 = Debug|Any CPU
		{6CBD75AB-7C59-4DFA-8D74-B74C3BAF41C3}.Release|Any CPU.ActiveCfg = Release|Any CPU
		{6CBD75AB-7C59-4DFA-8D74-B74C3BAF41C3}.Release|Any CPU.Build.0 = Release|Any CPU
		{F331EDFC-5CEF-4C2E-BD6D-B1B2C6CD4260}.Debug|Any CPU.ActiveCfg = Debug|Any CPU
		{F331EDFC-5CEF-4C2E-BD6D-B1B2C6CD4260}.Debug|Any CPU.Build.0 = Debug|Any CPU
		{F331EDFC-5CEF-4C2E-BD6D-B1B2C6CD4260}.Release|Any CPU.ActiveCfg = Release|Any CPU
		{F331EDFC-5CEF-4C2E-BD6D-B1B2C6CD4260}.Release|Any CPU.Build.0 = Release|Any CPU
		{B66E06D0-1EB7-48BF-803F-0AED734B05CB}.Debug|Any CPU.ActiveCfg = Debug|Any CPU
		{B66E06D0-1EB7-48BF-803F-0AED734B05CB}.Debug|Any CPU.Build.0 = Debug|Any CPU
		{B66E06D0-1EB7-48BF-803F-0AED734B05CB}.Release|Any CPU.ActiveCfg = Release|Any CPU
		{B66E06D0-1EB7-48BF-803F-0AED734B05CB}.Release|Any CPU.Build.0 = Release|Any CPU
		{B1033447-50E8-425B-A82A-D921F0C05F16}.Debug|Any CPU.ActiveCfg = Debug|Any CPU
		{B1033447-50E8-425B-A82A-D921F0C05F16}.Debug|Any CPU.Build.0 = Debug|Any CPU
		{B1033447-50E8-425B-A82A-D921F0C05F16}.Release|Any CPU.ActiveCfg = Release|Any CPU
		{B1033447-50E8-425B-A82A-D921F0C05F16}.Release|Any CPU.Build.0 = Release|Any CPU
	EndGlobalSection
	GlobalSection(SolutionProperties) = preSolution
		HideSolutionNode = FALSE
	EndGlobalSection
	GlobalSection(ExtensibilityGlobals) = postSolution
		SolutionGuid = {AEAC6A86-C74D-4FC7-AFF8-4BA2D24AB80D}
	EndGlobalSection
EndGlobal
